
Microsoft Visual Studio Solution File, Format Version 12.00
# Visual Studio Version 17
VisualStudioVersion = 17.9.34622.214
MinimumVisualStudioVersion = 10.0.40219.1
Project("{FAE04EC0-301F-11D3-BF4B-00C04F79EFBC}") = "exercicio vet 16-5-1", "exercicio vet 16-5-1\exercicio vet 16-5-1.csproj", "{ADEBDF09-99FC-42A2-9EAC-A8D91D57222B}"
EndProject
Global
	GlobalSection(SolutionConfigurationPlatforms) = preSolution
		Debug|Any CPU = Debug|Any CPU
		Release|Any CPU = Release|Any CPU
	EndGlobalSection
	GlobalSection(ProjectConfigurationPlatforms) = postSolution
		{ADEBDF09-99FC-42A2-9EAC-A8D91D57222B}.Debug|Any CPU.ActiveCfg = Debug|Any CPU
		{ADEBDF09-99FC-42A2-9EAC-A8D91D57222B}.Debug|Any CPU.Build.0 = Debug|Any CPU
		{ADEBDF09-99FC-42A2-9EAC-A8D91D57222B}.Release|Any CPU.ActiveCfg = Release|Any CPU
		{ADEBDF09-99FC-42A2-9EAC-A8D91D57222B}.Release|Any CPU.Build.0 = Release|Any CPU
	EndGlobalSection
	GlobalSection(SolutionProperties) = preSolution
		HideSolutionNode = FALSE
	EndGlobalSection
	GlobalSection(ExtensibilityGlobals) = postSolution
		SolutionGuid = {30E1A66C-A194-4C70-B02C-42A9AEA1717B}
	EndGlobalSection
EndGlobal
